
Microsoft Visual Studio Solution File, Format Version 12.00
# Visual Studio Version 17
VisualStudioVersion = 17.8.34525.116
MinimumVisualStudioVersion = 10.0.40219.1
Project("{FAE04EC0-301F-11D3-BF4B-00C04F79EFBC}") = "ADOHELP", "ADO.HELP\ADOHELP.csproj", "{08A733CE-C351-4DFB-844C-5D79D659EA50}"
EndProject
Global
	GlobalSection(SolutionConfigurationPlatforms) = preSolution
		Debug|Any CPU = Debug|Any CPU
		Release|Any CPU = Release|Any CPU
	EndGlobalSection
	GlobalSection(ProjectConfigurationPlatforms) = postSolution
		{08A733CE-C351-4DFB-844C-5D79D659EA50}.Debug|Any CPU.ActiveCfg = Debug|Any CPU
		{08A733CE-C351-4DFB-844C-5D79D659EA50}.Debug|Any CPU.Build.0 = Debug|Any CPU
		{08A733CE-C351-4DFB-844C-5D79D659EA50}.Release|Any CPU.ActiveCfg = Release|Any CPU
		{08A733CE-C351-4DFB-844C-5D79D659EA50}.Release|Any CPU.Build.0 = Release|Any CPU
	EndGlobalSection
	GlobalSection(SolutionProperties) = preSolution
		HideSolutionNode = FALSE
	EndGlobalSection
	GlobalSection(ExtensibilityGlobals) = postSolution
		SolutionGuid = {DEA68F2B-8972-4051-8CAE-4525D178DF77}
	EndGlobalSection
EndGlobal
